// !$*UTF8*$!
{
	archiveVersion = 1;
	classes = {
	};
	objectVersion = 56;
	objects = {

/* Begin PBXBuildFile section */
		8072F983295FF74600BE9DF9 /* Animations.swift in Sources */ = {isa = PBXBuildFile; fileRef = 8072F982295FF74600BE9DF9 /* Animations.swift */; };
		8072F9852960111600BE9DF9 /* AnimationsSecond.swift in Sources */ = {isa = PBXBuildFile; fileRef = 8072F9842960111600BE9DF9 /* AnimationsSecond.swift */; };
		8072F9872960165E00BE9DF9 /* AnimationRotate3D.swift in Sources */ = {isa = PBXBuildFile; fileRef = 8072F9862960165E00BE9DF9 /* AnimationRotate3D.swift */; };
		8072F98929601CFB00BE9DF9 /* AnimationBoolean.swift in Sources */ = {isa = PBXBuildFile; fileRef = 8072F98829601CFB00BE9DF9 /* AnimationBoolean.swift */; };
		8072F98B296022D700BE9DF9 /* AnimationDrag.swift in Sources */ = {isa = PBXBuildFile; fileRef = 8072F98A296022D700BE9DF9 /* AnimationDrag.swift */; };
		8072F98D296040CD00BE9DF9 /* AnimationVisibility.swift in Sources */ = {isa = PBXBuildFile; fileRef = 8072F98C296040CD00BE9DF9 /* AnimationVisibility.swift */; };
		8072F98F2960445000BE9DF9 /* AnimationCustom.swift in Sources */ = {isa = PBXBuildFile; fileRef = 8072F98E2960445000BE9DF9 /* AnimationCustom.swift */; };
		8072F99229606B8C00BE9DF9 /* StateObersverDemo.swift in Sources */ = {isa = PBXBuildFile; fileRef = 8072F99129606B8C00BE9DF9 /* StateObersverDemo.swift */; };
		8072F9942960712F00BE9DF9 /* SheetDismissDemo.swift in Sources */ = {isa = PBXBuildFile; fileRef = 8072F9932960712F00BE9DF9 /* SheetDismissDemo.swift */; };
		8072F9972960932B00BE9DF9 /* DeleteFromListDemo.swift in Sources */ = {isa = PBXBuildFile; fileRef = 8072F9962960932B00BE9DF9 /* DeleteFromListDemo.swift */; };
		8072F99A2960D1CB00BE9DF9 /* UserDefaultDemo.swift in Sources */ = {isa = PBXBuildFile; fileRef = 8072F9992960D1CB00BE9DF9 /* UserDefaultDemo.swift */; };
		8072F99D29615E6100BE9DF9 /* ExpenseItem.swift in Sources */ = {isa = PBXBuildFile; fileRef = 8072F99C29615E6100BE9DF9 /* ExpenseItem.swift */; };
		8072F99F29615ECB00BE9DF9 /* Expenses.swift in Sources */ = {isa = PBXBuildFile; fileRef = 8072F99E29615ECB00BE9DF9 /* Expenses.swift */; };
		8072F9A129615F0C00BE9DF9 /* ExpensesDemoView.swift in Sources */ = {isa = PBXBuildFile; fileRef = 8072F9A029615F0C00BE9DF9 /* ExpensesDemoView.swift */; };
		8072F9A32961721500BE9DF9 /* AddExpensesView.swift in Sources */ = {isa = PBXBuildFile; fileRef = 8072F9A22961721500BE9DF9 /* AddExpensesView.swift */; };
		8072F9A62961921900BE9DF9 /* ImageDemoView.swift in Sources */ = {isa = PBXBuildFile; fileRef = 8072F9A52961921900BE9DF9 /* ImageDemoView.swift */; };
		8072F9A92961A67800BE9DF9 /* ScrollViewDemo.swift in Sources */ = {isa = PBXBuildFile; fileRef = 8072F9A82961A67800BE9DF9 /* ScrollViewDemo.swift */; };
		8072F9AC2961BDA800BE9DF9 /* NavigationLinkDemo.swift in Sources */ = {isa = PBXBuildFile; fileRef = 8072F9AB2961BDA800BE9DF9 /* NavigationLinkDemo.swift */; };
		8072F9AF2961C5A800BE9DF9 /* CodableDataDecoder.swift in Sources */ = {isa = PBXBuildFile; fileRef = 8072F9AE2961C5A800BE9DF9 /* CodableDataDecoder.swift */; };
		8072F9B22961CB2F00BE9DF9 /* GridExample.swift in Sources */ = {isa = PBXBuildFile; fileRef = 8072F9B12961CB2F00BE9DF9 /* GridExample.swift */; };
		80B54791295BC4E900705531 /* WordScramble.swift in Sources */ = {isa = PBXBuildFile; fileRef = 80B54790295BC4E900705531 /* WordScramble.swift */; };
		80B54795295BD1FF00705531 /* start.txt in Resources */ = {isa = PBXBuildFile; fileRef = 80B54794295BD1FF00705531 /* start.txt */; };
		80B6B2612957549200B2EF5E /* days100App.swift in Sources */ = {isa = PBXBuildFile; fileRef = 80B6B2602957549200B2EF5E /* days100App.swift */; };
		80B6B2632957549200B2EF5E /* ContentView.swift in Sources */ = {isa = PBXBuildFile; fileRef = 80B6B2622957549200B2EF5E /* ContentView.swift */; };
		80B6B2652957549400B2EF5E /* Assets.xcassets in Resources */ = {isa = PBXBuildFile; fileRef = 80B6B2642957549400B2EF5E /* Assets.xcassets */; };
		80B6B2682957549400B2EF5E /* Preview Assets.xcassets in Resources */ = {isa = PBXBuildFile; fileRef = 80B6B2672957549400B2EF5E /* Preview Assets.xcassets */; };
		80B6B28E295A693E00B2EF5E /* StepperDemo.swift in Sources */ = {isa = PBXBuildFile; fileRef = 80B6B28D295A693E00B2EF5E /* StepperDemo.swift */; };
		80B6B291295A6A5500B2EF5E /* DateTimePickerDemo.swift in Sources */ = {isa = PBXBuildFile; fileRef = 80B6B290295A6A5500B2EF5E /* DateTimePickerDemo.swift */; };
/* End PBXBuildFile section */

/* Begin PBXFileReference section */
		8072F982295FF74600BE9DF9 /* Animations.swift */ = {isa = PBXFileReference; lastKnownFileType = sourcecode.swift; path = Animations.swift; sourceTree = "<group>"; };
		8072F9842960111600BE9DF9 /* AnimationsSecond.swift */ = {isa = PBXFileReference; lastKnownFileType = sourcecode.swift; path = AnimationsSecond.swift; sourceTree = "<group>"; };
		8072F9862960165E00BE9DF9 /* AnimationRotate3D.swift */ = {isa = PBXFileReference; lastKnownFileType = sourcecode.swift; path = AnimationRotate3D.swift; sourceTree = "<group>"; };
		8072F98829601CFB00BE9DF9 /* AnimationBoolean.swift */ = {isa = PBXFileReference; lastKnownFileType = sourcecode.swift; path = AnimationBoolean.swift; sourceTree = "<group>"; };
		8072F98A296022D700BE9DF9 /* AnimationDrag.swift */ = {isa = PBXFileReference; lastKnownFileType = sourcecode.swift; path = AnimationDrag.swift; sourceTree = "<group>"; };
		8072F98C296040CD00BE9DF9 /* AnimationVisibility.swift */ = {isa = PBXFileReference; lastKnownFileType = sourcecode.swift; path = AnimationVisibility.swift; sourceTree = "<group>"; };
		8072F98E2960445000BE9DF9 /* AnimationCustom.swift */ = {isa = PBXFileReference; lastKnownFileType = sourcecode.swift; path = AnimationCustom.swift; sourceTree = "<group>"; };
		8072F99129606B8C00BE9DF9 /* StateObersverDemo.swift */ = {isa = PBXFileReference; lastKnownFileType = sourcecode.swift; path = StateObersverDemo.swift; sourceTree = "<group>"; };
		8072F9932960712F00BE9DF9 /* SheetDismissDemo.swift */ = {isa = PBXFileReference; lastKnownFileType = sourcecode.swift; path = SheetDismissDemo.swift; sourceTree = "<group>"; };
		8072F9962960932B00BE9DF9 /* DeleteFromListDemo.swift */ = {isa = PBXFileReference; lastKnownFileType = sourcecode.swift; path = DeleteFromListDemo.swift; sourceTree = "<group>"; };
		8072F9992960D1CB00BE9DF9 /* UserDefaultDemo.swift */ = {isa = PBXFileReference; lastKnownFileType = sourcecode.swift; path = UserDefaultDemo.swift; sourceTree = "<group>"; };
		8072F99C29615E6100BE9DF9 /* ExpenseItem.swift */ = {isa = PBXFileReference; lastKnownFileType = sourcecode.swift; path = ExpenseItem.swift; sourceTree = "<group>"; };
		8072F99E29615ECB00BE9DF9 /* Expenses.swift */ = {isa = PBXFileReference; lastKnownFileType = sourcecode.swift; path = Expenses.swift; sourceTree = "<group>"; };
		8072F9A029615F0C00BE9DF9 /* ExpensesDemoView.swift */ = {isa = PBXFileReference; lastKnownFileType = sourcecode.swift; path = ExpensesDemoView.swift; sourceTree = "<group>"; };
		8072F9A22961721500BE9DF9 /* AddExpensesView.swift */ = {isa = PBXFileReference; lastKnownFileType = sourcecode.swift; path = AddExpensesView.swift; sourceTree = "<group>"; };
		8072F9A52961921900BE9DF9 /* ImageDemoView.swift */ = {isa = PBXFileReference; lastKnownFileType = sourcecode.swift; path = ImageDemoView.swift; sourceTree = "<group>"; };
		8072F9A82961A67800BE9DF9 /* ScrollViewDemo.swift */ = {isa = PBXFileReference; lastKnownFileType = sourcecode.swift; path = ScrollViewDemo.swift; sourceTree = "<group>"; };
		8072F9AB2961BDA800BE9DF9 /* NavigationLinkDemo.swift */ = {isa = PBXFileReference; lastKnownFileType = sourcecode.swift; path = NavigationLinkDemo.swift; sourceTree = "<group>"; };
		8072F9AE2961C5A800BE9DF9 /* CodableDataDecoder.swift */ = {isa = PBXFileReference; lastKnownFileType = sourcecode.swift; path = CodableDataDecoder.swift; sourceTree = "<group>"; };
		8072F9B12961CB2F00BE9DF9 /* GridExample.swift */ = {isa = PBXFileReference; lastKnownFileType = sourcecode.swift; path = GridExample.swift; sourceTree = "<group>"; };
		80B54790295BC4E900705531 /* WordScramble.swift */ = {isa = PBXFileReference; lastKnownFileType = sourcecode.swift; path = WordScramble.swift; sourceTree = "<group>"; };
		80B54794295BD1FF00705531 /* start.txt */ = {isa = PBXFileReference; fileEncoding = 4; lastKnownFileType = text; path = start.txt; sourceTree = "<group>"; };
		80B6B25D2957549200B2EF5E /* days100.app */ = {isa = PBXFileReference; explicitFileType = wrapper.application; includeInIndex = 0; path = days100.app; sourceTree = BUILT_PRODUCTS_DIR; };
		80B6B2602957549200B2EF5E /* days100App.swift */ = {isa = PBXFileReference; lastKnownFileType = sourcecode.swift; path = days100App.swift; sourceTree = "<group>"; };
		80B6B2622957549200B2EF5E /* ContentView.swift */ = {isa = PBXFileReference; lastKnownFileType = sourcecode.swift; path = ContentView.swift; sourceTree = "<group>"; };
		80B6B2642957549400B2EF5E /* Assets.xcassets */ = {isa = PBXFileReference; lastKnownFileType = folder.assetcatalog; path = Assets.xcassets; sourceTree = "<group>"; };
		80B6B2672957549400B2EF5E /* Preview Assets.xcassets */ = {isa = PBXFileReference; lastKnownFileType = folder.assetcatalog; path = "Preview Assets.xcassets"; sourceTree = "<group>"; };
		80B6B28D295A693E00B2EF5E /* StepperDemo.swift */ = {isa = PBXFileReference; lastKnownFileType = sourcecode.swift; path = StepperDemo.swift; sourceTree = "<group>"; };
		80B6B290295A6A5500B2EF5E /* DateTimePickerDemo.swift */ = {isa = PBXFileReference; lastKnownFileType = sourcecode.swift; path = DateTimePickerDemo.swift; sourceTree = "<group>"; };
/* End PBXFileReference section */

/* Begin PBXFrameworksBuildPhase section */
		80B6B25A2957549200B2EF5E /* Frameworks */ = {
			isa = PBXFrameworksBuildPhase;
			buildActionMask = 2147483647;
			files = (
			);
			runOnlyForDeploymentPostprocessing = 0;
		};
/* End PBXFrameworksBuildPhase section */

/* Begin PBXGroup section */
		8072F981295FF70000BE9DF9 /* animations */ = {
			isa = PBXGroup;
			children = (
				8072F982295FF74600BE9DF9 /* Animations.swift */,
				8072F9842960111600BE9DF9 /* AnimationsSecond.swift */,
				8072F9862960165E00BE9DF9 /* AnimationRotate3D.swift */,
				8072F98829601CFB00BE9DF9 /* AnimationBoolean.swift */,
				8072F98A296022D700BE9DF9 /* AnimationDrag.swift */,
				8072F98C296040CD00BE9DF9 /* AnimationVisibility.swift */,
				8072F98E2960445000BE9DF9 /* AnimationCustom.swift */,
			);
			path = animations;
			sourceTree = "<group>";
		};
		8072F99029606B4E00BE9DF9 /* stateObserver */ = {
			isa = PBXGroup;
			children = (
				8072F99129606B8C00BE9DF9 /* StateObersverDemo.swift */,
				8072F9932960712F00BE9DF9 /* SheetDismissDemo.swift */,
				8072F9962960932B00BE9DF9 /* DeleteFromListDemo.swift */,
			);
			path = stateObserver;
			sourceTree = "<group>";
		};
		8072F9982960D1B400BE9DF9 /* userDefault */ = {
			isa = PBXGroup;
			children = (
				8072F9992960D1CB00BE9DF9 /* UserDefaultDemo.swift */,
			);
			path = userDefault;
			sourceTree = "<group>";
		};
		8072F99B29615E4900BE9DF9 /* expense */ = {
			isa = PBXGroup;
			children = (
				8072F99C29615E6100BE9DF9 /* ExpenseItem.swift */,
				8072F99E29615ECB00BE9DF9 /* Expenses.swift */,
				8072F9A029615F0C00BE9DF9 /* ExpensesDemoView.swift */,
				8072F9A22961721500BE9DF9 /* AddExpensesView.swift */,
			);
			path = expense;
			sourceTree = "<group>";
		};
		8072F9A42961920100BE9DF9 /* GeometryReaderSize */ = {
			isa = PBXGroup;
			children = (
				8072F9A52961921900BE9DF9 /* ImageDemoView.swift */,
			);
			path = GeometryReaderSize;
			sourceTree = "<group>";
		};
		8072F9A72961A4E300BE9DF9 /* scrollViewDemo */ = {
			isa = PBXGroup;
			children = (
				8072F9A82961A67800BE9DF9 /* ScrollViewDemo.swift */,
			);
			path = scrollViewDemo;
			sourceTree = "<group>";
		};
		8072F9AA2961BD8E00BE9DF9 /* navigatioLinkDemo */ = {
			isa = PBXGroup;
			children = (
				8072F9AB2961BDA800BE9DF9 /* NavigationLinkDemo.swift */,
			);
			path = navigatioLinkDemo;
			sourceTree = "<group>";
		};
		8072F9AD2961C58D00BE9DF9 /* hierarchical Codable data  */ = {
			isa = PBXGroup;
			children = (
				8072F9AE2961C5A800BE9DF9 /* CodableDataDecoder.swift */,
			);
			path = "hierarchical Codable data ";
			sourceTree = "<group>";
		};
		8072F9B02961CB1900BE9DF9 /* GridExample */ = {
			isa = PBXGroup;
			children = (
				8072F9B12961CB2F00BE9DF9 /* GridExample.swift */,
			);
			path = GridExample;
			sourceTree = "<group>";
		};
		80B5478F295BC4BD00705531 /* wordScramble */ = {
			isa = PBXGroup;
			children = (
				80B54790295BC4E900705531 /* WordScramble.swift */,
			);
			path = wordScramble;
			sourceTree = "<group>";
		};
		80B6B2542957549200B2EF5E = {
			isa = PBXGroup;
			children = (
				80B6B25F2957549200B2EF5E /* days100 */,
				80B6B25E2957549200B2EF5E /* Products */,
			);
			sourceTree = "<group>";
		};
		80B6B25E2957549200B2EF5E /* Products */ = {
			isa = PBXGroup;
			children = (
				80B6B25D2957549200B2EF5E /* days100.app */,
			);
			name = Products;
			sourceTree = "<group>";
		};
		80B6B25F2957549200B2EF5E /* days100 */ = {
			isa = PBXGroup;
			children = (
				8072F9B02961CB1900BE9DF9 /* GridExample */,
				8072F9AD2961C58D00BE9DF9 /* hierarchical Codable data  */,
				8072F9AA2961BD8E00BE9DF9 /* navigatioLinkDemo */,
				8072F9A72961A4E300BE9DF9 /* scrollViewDemo */,
				8072F9A42961920100BE9DF9 /* GeometryReaderSize */,
				8072F99B29615E4900BE9DF9 /* expense */,
				8072F9982960D1B400BE9DF9 /* userDefault */,
				8072F99029606B4E00BE9DF9 /* stateObserver */,
				8072F981295FF70000BE9DF9 /* animations */,
				80B54794295BD1FF00705531 /* start.txt */,
				80B5478F295BC4BD00705531 /* wordScramble */,
				80B6B28F295A6A2E00B2EF5E /* DateAndTimePicker */,
				80B6B28C295A691800B2EF5E /* steeper */,
				80B6B2602957549200B2EF5E /* days100App.swift */,
				80B6B2622957549200B2EF5E /* ContentView.swift */,
				80B6B2642957549400B2EF5E /* Assets.xcassets */,
				80B6B2662957549400B2EF5E /* Preview Content */,
			);
			path = days100;
			sourceTree = "<group>";
		};
		80B6B2662957549400B2EF5E /* Preview Content */ = {
			isa = PBXGroup;
			children = (
				80B6B2672957549400B2EF5E /* Preview Assets.xcassets */,
			);
			path = "Preview Content";
			sourceTree = "<group>";
		};
		80B6B28C295A691800B2EF5E /* steeper */ = {
			isa = PBXGroup;
			children = (
				80B6B28D295A693E00B2EF5E /* StepperDemo.swift */,
			);
			path = steeper;
			sourceTree = "<group>";
		};
		80B6B28F295A6A2E00B2EF5E /* DateAndTimePicker */ = {
			isa = PBXGroup;
			children = (
				80B6B290295A6A5500B2EF5E /* DateTimePickerDemo.swift */,
			);
			path = DateAndTimePicker;
			sourceTree = "<group>";
		};
/* End PBXGroup section */

/* Begin PBXNativeTarget section */
		80B6B25C2957549200B2EF5E /* days100 */ = {
			isa = PBXNativeTarget;
			buildConfigurationList = 80B6B26B2957549400B2EF5E /* Build configuration list for PBXNativeTarget "days100" */;
			buildPhases = (
				80B6B2592957549200B2EF5E /* Sources */,
				80B6B25A2957549200B2EF5E /* Frameworks */,
				80B6B25B2957549200B2EF5E /* Resources */,
			);
			buildRules = (
			);
			dependencies = (
			);
			name = days100;
			productName = days100;
			productReference = 80B6B25D2957549200B2EF5E /* days100.app */;
			productType = "com.apple.product-type.application";
		};
/* End PBXNativeTarget section */

/* Begin PBXProject section */
		80B6B2552957549200B2EF5E /* Project object */ = {
			isa = PBXProject;
			attributes = {
				BuildIndependentTargetsInParallel = 1;
				LastSwiftUpdateCheck = 1410;
				LastUpgradeCheck = 1410;
				TargetAttributes = {
					80B6B25C2957549200B2EF5E = {
						CreatedOnToolsVersion = 14.1;
					};
				};
			};
			buildConfigurationList = 80B6B2582957549200B2EF5E /* Build configuration list for PBXProject "days100" */;
			compatibilityVersion = "Xcode 14.0";
			developmentRegion = en;
			hasScannedForEncodings = 0;
			knownRegions = (
				en,
				Base,
			);
			mainGroup = 80B6B2542957549200B2EF5E;
			productRefGroup = 80B6B25E2957549200B2EF5E /* Products */;
			projectDirPath = "";
			projectRoot = "";
			targets = (
				80B6B25C2957549200B2EF5E /* days100 */,
			);
		};
/* End PBXProject section */

/* Begin PBXResourcesBuildPhase section */
		80B6B25B2957549200B2EF5E /* Resources */ = {
			isa = PBXResourcesBuildPhase;
			buildActionMask = 2147483647;
			files = (
				80B6B2682957549400B2EF5E /* Preview Assets.xcassets in Resources */,
				80B54795295BD1FF00705531 /* start.txt in Resources */,
				80B6B2652957549400B2EF5E /* Assets.xcassets in Resources */,
			);
			runOnlyForDeploymentPostprocessing = 0;
		};
/* End PBXResourcesBuildPhase section */

/* Begin PBXSourcesBuildPhase section */
		80B6B2592957549200B2EF5E /* Sources */ = {
			isa = PBXSourcesBuildPhase;
			buildActionMask = 2147483647;
			files = (
				8072F9852960111600BE9DF9 /* AnimationsSecond.swift in Sources */,
				8072F9942960712F00BE9DF9 /* SheetDismissDemo.swift in Sources */,
				80B54791295BC4E900705531 /* WordScramble.swift in Sources */,
				80B6B2632957549200B2EF5E /* ContentView.swift in Sources */,
				8072F9A129615F0C00BE9DF9 /* ExpensesDemoView.swift in Sources */,
				8072F9AF2961C5A800BE9DF9 /* CodableDataDecoder.swift in Sources */,
				8072F98F2960445000BE9DF9 /* AnimationCustom.swift in Sources */,
				8072F99229606B8C00BE9DF9 /* StateObersverDemo.swift in Sources */,
				8072F9A32961721500BE9DF9 /* AddExpensesView.swift in Sources */,
				8072F99F29615ECB00BE9DF9 /* Expenses.swift in Sources */,
				8072F9872960165E00BE9DF9 /* AnimationRotate3D.swift in Sources */,
				8072F983295FF74600BE9DF9 /* Animations.swift in Sources */,
				8072F99D29615E6100BE9DF9 /* ExpenseItem.swift in Sources */,
				80B6B28E295A693E00B2EF5E /* StepperDemo.swift in Sources */,
				8072F99A2960D1CB00BE9DF9 /* UserDefaultDemo.swift in Sources */,
				80B6B2612957549200B2EF5E /* days100App.swift in Sources */,
				8072F98D296040CD00BE9DF9 /* AnimationVisibility.swift in Sources */,
				8072F9A92961A67800BE9DF9 /* ScrollViewDemo.swift in Sources */,
				8072F9A62961921900BE9DF9 /* ImageDemoView.swift in Sources */,
				8072F9B22961CB2F00BE9DF9 /* GridExample.swift in Sources */,
				8072F98929601CFB00BE9DF9 /* AnimationBoolean.swift in Sources */,
				8072F98B296022D700BE9DF9 /* AnimationDrag.swift in Sources */,
				8072F9972960932B00BE9DF9 /* DeleteFromListDemo.swift in Sources */,
				80B6B291295A6A5500B2EF5E /* DateTimePickerDemo.swift in Sources */,
				8072F9AC2961BDA800BE9DF9 /* NavigationLinkDemo.swift in Sources */,
			);
			runOnlyForDeploymentPostprocessing = 0;
		};
/* End PBXSourcesBuildPhase section */

/* Begin XCBuildConfiguration section */
		80B6B2692957549400B2EF5E /* Debug */ = {
			isa = XCBuildConfiguration;
			buildSettings = {
				ALWAYS_SEARCH_USER_PATHS = NO;
				CLANG_ANALYZER_NONNULL = YES;
				CLANG_ANALYZER_NUMBER_OBJECT_CONVERSION = YES_AGGRESSIVE;
				CLANG_CXX_LANGUAGE_STANDARD = "gnu++20";
				CLANG_ENABLE_MODULES = YES;
				CLANG_ENABLE_OBJC_ARC = YES;
				CLANG_ENABLE_OBJC_WEAK = YES;
				CLANG_WARN_BLOCK_CAPTURE_AUTORELEASING = YES;
				CLANG_WARN_BOOL_CONVERSION = YES;
				CLANG_WARN_COMMA = YES;
				CLANG_WARN_CONSTANT_CONVERSION = YES;
				CLANG_WARN_DEPRECATED_OBJC_IMPLEMENTATIONS = YES;
				CLANG_WARN_DIRECT_OBJC_ISA_USAGE = YES_ERROR;
				CLANG_WARN_DOCUMENTATION_COMMENTS = YES;
				CLANG_WARN_EMPTY_BODY = YES;
				CLANG_WARN_ENUM_CONVERSION = YES;
				CLANG_WARN_INFINITE_RECURSION = YES;
				CLANG_WARN_INT_CONVERSION = YES;
				CLANG_WARN_NON_LITERAL_NULL_CONVERSION = YES;
				CLANG_WARN_OBJC_IMPLICIT_RETAIN_SELF = YES;
				CLANG_WARN_OBJC_LITERAL_CONVERSION = YES;
				CLANG_WARN_OBJC_ROOT_CLASS = YES_ERROR;
				CLANG_WARN_QUOTED_INCLUDE_IN_FRAMEWORK_HEADER = YES;
				CLANG_WARN_RANGE_LOOP_ANALYSIS = YES;
				CLANG_WARN_STRICT_PROTOTYPES = YES;
				CLANG_WARN_SUSPICIOUS_MOVE = YES;
				CLANG_WARN_UNGUARDED_AVAILABILITY = YES_AGGRESSIVE;
				CLANG_WARN_UNREACHABLE_CODE = YES;
				CLANG_WARN__DUPLICATE_METHOD_MATCH = YES;
				COPY_PHASE_STRIP = NO;
				DEBUG_INFORMATION_FORMAT = dwarf;
				ENABLE_STRICT_OBJC_MSGSEND = YES;
				ENABLE_TESTABILITY = YES;
				GCC_C_LANGUAGE_STANDARD = gnu11;
				GCC_DYNAMIC_NO_PIC = NO;
				GCC_NO_COMMON_BLOCKS = YES;
				GCC_OPTIMIZATION_LEVEL = 0;
				GCC_PREPROCESSOR_DEFINITIONS = (
					"DEBUG=1",
					"$(inherited)",
				);
				GCC_WARN_64_TO_32_BIT_CONVERSION = YES;
				GCC_WARN_ABOUT_RETURN_TYPE = YES_ERROR;
				GCC_WARN_UNDECLARED_SELECTOR = YES;
				GCC_WARN_UNINITIALIZED_AUTOS = YES_AGGRESSIVE;
				GCC_WARN_UNUSED_FUNCTION = YES;
				GCC_WARN_UNUSED_VARIABLE = YES;
				IPHONEOS_DEPLOYMENT_TARGET = 16.1;
				MTL_ENABLE_DEBUG_INFO = INCLUDE_SOURCE;
				MTL_FAST_MATH = YES;
				ONLY_ACTIVE_ARCH = YES;
				SDKROOT = iphoneos;
				SWIFT_ACTIVE_COMPILATION_CONDITIONS = DEBUG;
				SWIFT_OPTIMIZATION_LEVEL = "-Onone";
			};
			name = Debug;
		};
		80B6B26A2957549400B2EF5E /* Release */ = {
			isa = XCBuildConfiguration;
			buildSettings = {
				ALWAYS_SEARCH_USER_PATHS = NO;
				CLANG_ANALYZER_NONNULL = YES;
				CLANG_ANALYZER_NUMBER_OBJECT_CONVERSION = YES_AGGRESSIVE;
				CLANG_CXX_LANGUAGE_STANDARD = "gnu++20";
				CLANG_ENABLE_MODULES = YES;
				CLANG_ENABLE_OBJC_ARC = YES;
				CLANG_ENABLE_OBJC_WEAK = YES;
				CLANG_WARN_BLOCK_CAPTURE_AUTORELEASING = YES;
				CLANG_WARN_BOOL_CONVERSION = YES;
				CLANG_WARN_COMMA = YES;
				CLANG_WARN_CONSTANT_CONVERSION = YES;
				CLANG_WARN_DEPRECATED_OBJC_IMPLEMENTATIONS = YES;
				CLANG_WARN_DIRECT_OBJC_ISA_USAGE = YES_ERROR;
				CLANG_WARN_DOCUMENTATION_COMMENTS = YES;
				CLANG_WARN_EMPTY_BODY = YES;
				CLANG_WARN_ENUM_CONVERSION = YES;
				CLANG_WARN_INFINITE_RECURSION = YES;
				CLANG_WARN_INT_CONVERSION = YES;
				CLANG_WARN_NON_LITERAL_NULL_CONVERSION = YES;
				CLANG_WARN_OBJC_IMPLICIT_RETAIN_SELF = YES;
				CLANG_WARN_OBJC_LITERAL_CONVERSION = YES;
				CLANG_WARN_OBJC_ROOT_CLASS = YES_ERROR;
				CLANG_WARN_QUOTED_INCLUDE_IN_FRAMEWORK_HEADER = YES;
				CLANG_WARN_RANGE_LOOP_ANALYSIS = YES;
				CLANG_WARN_STRICT_PROTOTYPES = YES;
				CLANG_WARN_SUSPICIOUS_MOVE = YES;
				CLANG_WARN_UNGUARDED_AVAILABILITY = YES_AGGRESSIVE;
				CLANG_WARN_UNREACHABLE_CODE = YES;
				CLANG_WARN__DUPLICATE_METHOD_MATCH = YES;
				COPY_PHASE_STRIP = NO;
				DEBUG_INFORMATION_FORMAT = "dwarf-with-dsym";
				ENABLE_NS_ASSERTIONS = NO;
				ENABLE_STRICT_OBJC_MSGSEND = YES;
				GCC_C_LANGUAGE_STANDARD = gnu11;
				GCC_NO_COMMON_BLOCKS = YES;
				GCC_WARN_64_TO_32_BIT_CONVERSION = YES;
				GCC_WARN_ABOUT_RETURN_TYPE = YES_ERROR;
				GCC_WARN_UNDECLARED_SELECTOR = YES;
				GCC_WARN_UNINITIALIZED_AUTOS = YES_AGGRESSIVE;
				GCC_WARN_UNUSED_FUNCTION = YES;
				GCC_WARN_UNUSED_VARIABLE = YES;
				IPHONEOS_DEPLOYMENT_TARGET = 16.1;
				MTL_ENABLE_DEBUG_INFO = NO;
				MTL_FAST_MATH = YES;
				SDKROOT = iphoneos;
				SWIFT_COMPILATION_MODE = wholemodule;
				SWIFT_OPTIMIZATION_LEVEL = "-O";
				VALIDATE_PRODUCT = YES;
			};
			name = Release;
		};
		80B6B26C2957549400B2EF5E /* Debug */ = {
			isa = XCBuildConfiguration;
			buildSettings = {
				ASSETCATALOG_COMPILER_APPICON_NAME = AppIcon;
				ASSETCATALOG_COMPILER_GLOBAL_ACCENT_COLOR_NAME = AccentColor;
				CODE_SIGN_STYLE = Automatic;
				CURRENT_PROJECT_VERSION = 1;
				DEVELOPMENT_ASSET_PATHS = "\"days100/Preview Content\"";
				ENABLE_PREVIEWS = YES;
				GENERATE_INFOPLIST_FILE = YES;
				INFOPLIST_KEY_UIApplicationSceneManifest_Generation = YES;
				INFOPLIST_KEY_UIApplicationSupportsIndirectInputEvents = YES;
				INFOPLIST_KEY_UILaunchScreen_Generation = YES;
				INFOPLIST_KEY_UISupportedInterfaceOrientations_iPad = "UIInterfaceOrientationPortrait UIInterfaceOrientationPortraitUpsideDown UIInterfaceOrientationLandscapeLeft UIInterfaceOrientationLandscapeRight";
				INFOPLIST_KEY_UISupportedInterfaceOrientations_iPhone = "UIInterfaceOrientationPortrait UIInterfaceOrientationLandscapeLeft UIInterfaceOrientationLandscapeRight";
				LD_RUNPATH_SEARCH_PATHS = (
					"$(inherited)",
					"@executable_path/Frameworks",
				);
				MARKETING_VERSION = 1.0;
				PRODUCT_BUNDLE_IDENTIFIER = com.hemanth.days100;
				PRODUCT_NAME = "$(TARGET_NAME)";
				SWIFT_EMIT_LOC_STRINGS = YES;
				SWIFT_VERSION = 5.0;
				TARGETED_DEVICE_FAMILY = "1,2";
			};
			name = Debug;
		};
		80B6B26D2957549400B2EF5E /* Release */ = {
			isa = XCBuildConfiguration;
			buildSettings = {
				ASSETCATALOG_COMPILER_APPICON_NAME = AppIcon;
				ASSETCATALOG_COMPILER_GLOBAL_ACCENT_COLOR_NAME = AccentColor;
				CODE_SIGN_STYLE = Automatic;
				CURRENT_PROJECT_VERSION = 1;
				DEVELOPMENT_ASSET_PATHS = "\"days100/Preview Content\"";
				ENABLE_PREVIEWS = YES;
				GENERATE_INFOPLIST_FILE = YES;
				INFOPLIST_KEY_UIApplicationSceneManifest_Generation = YES;
				INFOPLIST_KEY_UIApplicationSupportsIndirectInputEvents = YES;
				INFOPLIST_KEY_UILaunchScreen_Generation = YES;
				INFOPLIST_KEY_UISupportedInterfaceOrientations_iPad = "UIInterfaceOrientationPortrait UIInterfaceOrientationPortraitUpsideDown UIInterfaceOrientationLandscapeLeft UIInterfaceOrientationLandscapeRight";
				INFOPLIST_KEY_UISupportedInterfaceOrientations_iPhone = "UIInterfaceOrientationPortrait UIInterfaceOrientationLandscapeLeft UIInterfaceOrientationLandscapeRight";
				LD_RUNPATH_SEARCH_PATHS = (
					"$(inherited)",
					"@executable_path/Frameworks",
				);
				MARKETING_VERSION = 1.0;
				PRODUCT_BUNDLE_IDENTIFIER = com.hemanth.days100;
				PRODUCT_NAME = "$(TARGET_NAME)";
				SWIFT_EMIT_LOC_STRINGS = YES;
				SWIFT_VERSION = 5.0;
				TARGETED_DEVICE_FAMILY = "1,2";
			};
			name = Release;
		};
/* End XCBuildConfiguration section */

/* Begin XCConfigurationList section */
		80B6B2582957549200B2EF5E /* Build configuration list for PBXProject "days100" */ = {
			isa = XCConfigurationList;
			buildConfigurations = (
				80B6B2692957549400B2EF5E /* Debug */,
				80B6B26A2957549400B2EF5E /* Release */,
			);
			defaultConfigurationIsVisible = 0;
			defaultConfigurationName = Release;
		};
		80B6B26B2957549400B2EF5E /* Build configuration list for PBXNativeTarget "days100" */ = {
			isa = XCConfigurationList;
			buildConfigurations = (
				80B6B26C2957549400B2EF5E /* Debug */,
				80B6B26D2957549400B2EF5E /* Release */,
			);
			defaultConfigurationIsVisible = 0;
			defaultConfigurationName = Release;
		};
/* End XCConfigurationList section */
	};
	rootObject = 80B6B2552957549200B2EF5E /* Project object */;
}
